
Microsoft Visual Studio Solution File, Format Version 12.00
# Visual Studio Version 16
VisualStudioVersion = 16.0.32126.315
MinimumVisualStudioVersion = 10.0.40219.1
Project("{FAE04EC0-301F-11D3-BF4B-00C04F79EFBC}") = "Revit_API_2_1", "Revit_API_2_1\Revit_API_2_1.csproj", "{F7296C3A-F7B9-453D-B7F5-648D87A3288C}"
EndProject
Global
	GlobalSection(SolutionConfigurationPlatforms) = preSolution
		Debug|Any CPU = Debug|Any CPU
		Release|Any CPU = Release|Any CPU
	EndGlobalSection
	GlobalSection(ProjectConfigurationPlatforms) = postSolution
		{F7296C3A-F7B9-453D-B7F5-648D87A3288C}.Debug|Any CPU.ActiveCfg = Debug|Any CPU
		{F7296C3A-F7B9-453D-B7F5-648D87A3288C}.Debug|Any CPU.Build.0 = Debug|Any CPU
		{F7296C3A-F7B9-453D-B7F5-648D87A3288C}.Release|Any CPU.ActiveCfg = Release|Any CPU
		{F7296C3A-F7B9-453D-B7F5-648D87A3288C}.Release|Any CPU.Build.0 = Release|Any CPU
	EndGlobalSection
	GlobalSection(SolutionProperties) = preSolution
		HideSolutionNode = FALSE
	EndGlobalSection
	GlobalSection(ExtensibilityGlobals) = postSolution
		SolutionGuid = {7371919C-13D7-4D90-8868-6D214C0819B9}
	EndGlobalSection
EndGlobal
